github.com/buckhx/diglet v0.0.13-a h1:UfiUK8IaLbeWvsC+48N7aDr0P+0zFi3aW8hiB3G26vg=
github.com/buckhx/diglet v0.0.13-a/go.mod h1:kKM3RuBpJ7QnfxerSL5jYwZ6SNX555SjCVSvDVBLp4Q=
github.com/buckhx/rtreego v0.0.0-20160224233401-f7e5458b183e h1:HDDOo2Hzktyg7ewdYyeB30E6dTFsHPl/Wy8Z/RlOUoE=
github.com/buckhx/rtreego v0.0.0-20160224233401-f7e5458b183e/go.mod h1:JHIHNjFzP55iRkFKZswbXROsPdc1ZYK8DENjvhMvuHs=
github.com/buckhx/tiles v0.0.0-20160614171505-4994e5527da5 h1:lW4E5Y1tHe3m978XDA3Evla5+tuxNIu518M/jdWYJUE=
github.com/buckhx/tiles v0.0.0-20160614171505-4994e5527da5/go.mod h1:tQKKQo5lJo1BZsGWJ2u4K4YZ8GLYlUdodt4AaW/UIXM=
github.com/codegangsta/cli v1.13.1-0.20160320204403-a7936f1d21fd h1:VWR18kZpdXvhuGPgyU2xgnQAa+1HN3GpQzC2R3XQKQI=
github.com/codegangsta/cli v1.13.1-0.20160320204403-a7936f1d21fd/go.mod h1:/qJNoX69yVSKu5o4jLyXAENLRyk1uhi7zkbQ3slBdOA=
github.com/deckarep/golang-set v0.0.0-20160220235750-1f0f4ff8d3fb h1:Y7ICBPPSDvbtoz39GfH3nrQHpfC5CeqBWBBRebPazRw=
github.com/deckarep/golang-set v0.0.0-20160220235750-1f0f4ff8d3fb/go.mod h1:93vsz/8Wt4joVM7c2AVqh+YRMiUSc14yDtF28KmMOgQ=
github.com/golang/geo v0.0.0-20160212030431-1e8d2b4605df h1:8eqQ+cRD32H/zS760Dh9u5LE/NvjKsJO2OHBwLTntfg=
github.com/golang/geo v0.0.0-20160212030431-1e8d2b4605df/go.mod h1:vgWZ7cu0fq0KY3PpEHsocXOWJpRtkcbKemU4IUw0M60=
github.com/julienschmidt/httprouter v1.1.1-0.20160219154026-77366a47451a h1:sC2eLu5WwJ6Txhf+7DHZbdOu69izaeF2lh9YCQ6Bl8Y=
github.com/julienschmidt/httprouter v1.1.1-0.20160219154026-77366a47451a/go.mod h1:SYymIcj16QtmaHHD7aYtjjsJG7VTCxuUUipMqKk8s4w=
github.com/kpawlik/geojson v0.0.0-20150803062208-06aeea8c5561 h1:xYuHLD4F5o2SJlf2E8tRp0Ml/liOWcRSukMJRF5hneM=
github.com/kpawlik/geojson v0.0.0-20150803062208-06aeea8c5561/go.mod h1:qKaqI0FuzSzLI6RtBrhVXqM5wjknuGYU2e8KVG+Z1MM=
