github.com/BurntSushi/toml v0.3.1/go.mod h1:xHWCNGjB5oqiDr8zfno3MHue2Ht5sIBksp03qcyfWMU=
github.com/buckhx/rtreego v0.0.0-20160224233401-f7e5458b183e h1:HDDOo2Hzktyg7ewdYyeB30E6dTFsHPl/Wy8Z/RlOUoE=
github.com/buckhx/rtreego v0.0.0-20160224233401-f7e5458b183e/go.mod h1:JHIHNjFzP55iRkFKZswbXROsPdc1ZYK8DENjvhMvuHs=
github.com/buckhx/tiles v0.0.0-20160614171505-4994e5527da5 h1:lW4E5Y1tHe3m978XDA3Evla5+tuxNIu518M/jdWYJUE=
github.com/buckhx/tiles v0.0.0-20160614171505-4994e5527da5/go.mod h1:tQKKQo5lJo1BZsGWJ2u4K4YZ8GLYlUdodt4AaW/UIXM=
github.com/cpuguy83/go-md2man/v2 v2.0.0-20190314233015-f79a8a8ca69d h1:U+s90UTSYgptZMwQh2aRr3LuazLJIa+Pg3Kc1ylSYVY=
github.com/cpuguy83/go-md2man/v2 v2.0.0-20190314233015-f79a8a8ca69d/go.mod h1:maD7wRr/U5Z6m/iR4s+kqSMx2CaBsrgA7czyZG/E6dU=
github.com/deckarep/golang-set v1.7.1 h1:SCQV0S6gTtp6itiFrTqI+pfmJ4LN85S1YzhDf9rTHJQ=
github.com/deckarep/golang-set v1.7.1/go.mod h1:93vsz/8Wt4joVM7c2AVqh+YRMiUSc14yDtF28KmMOgQ=
github.com/igtm/diglet v0.0.13-a.0.20200324094045-1c917dfc319a h1:rkpW0nrUOHx1ZVPa0FVBA3mTh3vtx39Y/M6Jip5JqsE=
github.com/igtm/diglet v0.0.13-a.0.20200324094045-1c917dfc319a/go.mod h1:W7soclK/gcEhnxw0bYiitJ8AMmbhHr5LV5yrvKURSdg=
github.com/igtm/diglet v0.0.13-a.0.20200326081704-dd5fa4bb176e h1:FwggXyobMAekJniJ3aynS43OfuSRhohup3eHHXe5NxY=
github.com/igtm/diglet v0.0.13-a.0.20200326081704-dd5fa4bb176e/go.mod h1:W7soclK/gcEhnxw0bYiitJ8AMmbhHr5LV5yrvKURSdg=
github.com/julienschmidt/httprouter v1.3.0 h1:U0609e9tgbseu3rBINet9P48AI/D3oJs4dN7jwJOQ1U=
github.com/julienschmidt/httprouter v1.3.0/go.mod h1:JR6WtHb+2LUe8TCKY3cZOxFyyO8IZAc4RVcycCCAKdM=
github.com/kpawlik/geojson v0.0.0-20171201195549-1a4f120c6b41 h1:hmhQApZRZctFnYW02XZBC9jKR31R7c4QbXbqBtQGZeg=
github.com/kpawlik/geojson v0.0.0-20171201195549-1a4f120c6b41/go.mod h1:qKaqI0FuzSzLI6RtBrhVXqM5wjknuGYU2e8KVG+Z1MM=
github.com/pmezard/go-difflib v1.0.0/go.mod h1:iKH77koFhYxTK1pcRnkKkqfTogsbg7gZNVY4sRDYZ/4=
github.com/russross/blackfriday/v2 v2.0.1 h1:lPqVAte+HuHNfhJ/0LC98ESWRz8afy9tM/0RK8m9o+Q=
github.com/russross/blackfriday/v2 v2.0.1/go.mod h1:+Rmxgy9KzJVeS9/2gXHxylqXiyQDYRxCVz55jmeOWTM=
github.com/shurcooL/sanitized_anchor_name v1.0.0 h1:PdmoCO6wvbs+7yrJyMORt4/BmY5IYyJwS/kOiWx8mHo=
github.com/shurcooL/sanitized_anchor_name v1.0.0/go.mod h1:1NzhyTcUVG4SuEtjjoZeVRXNmyL/1OwPU0+IJeTBvfc=
github.com/urfave/cli v1.22.3 h1:FpNT6zq26xNpHZy08emi755QwzLPs6Pukqjlc7RfOMU=
github.com/urfave/cli v1.22.3/go.mod h1:Gos4lmkARVdJ6EkW0WaNv/tZAAMe9V7XWyB60NtXRu0=
gopkg.in/check.v1 v0.0.0-20161208181325-20d25e280405/go.mod h1:Co6ibVJAznAaIkqp8huTwlJQCZ016jof/cbN4VW5Yz0=
gopkg.in/yaml.v2 v2.2.2/go.mod h1:hI93XBmqTisBFMUTm0b8Fm+jr3Dg1NNxqwp+5A1VGuI=
